// !$*UTF8*$!
{
	archiveVersion = 1;
	classes = {
	};
	objectVersion = 56;
	objects = {

/* Begin PBXBuildFile section */
		C91410012A1F3BA000BDFCDB /* LazyStackContentView.swift in Sources */ = {isa = PBXBuildFile; fileRef = C91410002A1F3BA000BDFCDB /* LazyStackContentView.swift */; };
		C91410032A1F3BCB00BDFCDB /* ListRow.swift in Sources */ = {isa = PBXBuildFile; fileRef = C91410022A1F3BCB00BDFCDB /* ListRow.swift */; };
		C91410052A1F3E6E00BDFCDB /* LazyGridContentView.swift in Sources */ = {isa = PBXBuildFile; fileRef = C91410042A1F3E6E00BDFCDB /* LazyGridContentView.swift */; };
		C91410082A1F424E00BDFCDB /* ScrollViewReaderContentView.swift in Sources */ = {isa = PBXBuildFile; fileRef = C91410072A1F424E00BDFCDB /* ScrollViewReaderContentView.swift */; };
		C914100B2A1F478300BDFCDB /* BackPack.swift in Sources */ = {isa = PBXBuildFile; fileRef = C914100A2A1F478300BDFCDB /* BackPack.swift */; };
		C914100D2A1F48A300BDFCDB /* ExpandingListContentView.swift in Sources */ = {isa = PBXBuildFile; fileRef = C914100C2A1F48A300BDFCDB /* ExpandingListContentView.swift */; };
		C91410102A1F4B5600BDFCDB /* DisclosureContentView.swift in Sources */ = {isa = PBXBuildFile; fileRef = C914100F2A1F4B5600BDFCDB /* DisclosureContentView.swift */; };
		C93EEA2C2A1DF6AF006BB912 /* ToDoList.swift in Sources */ = {isa = PBXBuildFile; fileRef = C93EEA2B2A1DF6AF006BB912 /* ToDoList.swift */; };
		C9489F762A1D91ED0095831C /* PickerContenView.swift in Sources */ = {isa = PBXBuildFile; fileRef = C9489F752A1D91ED0095831C /* PickerContenView.swift */; };
		C9489F792A1D98EB0095831C /* ModifierContentView.swift in Sources */ = {isa = PBXBuildFile; fileRef = C9489F782A1D98EB0095831C /* ModifierContentView.swift */; };
		C9489F7C2A1D9AF70095831C /* BlueCircle.swift in Sources */ = {isa = PBXBuildFile; fileRef = C9489F7B2A1D9AF70095831C /* BlueCircle.swift */; };
		C9489F7E2A1D9BDF0095831C /* ViewBuilderContentView.swift in Sources */ = {isa = PBXBuildFile; fileRef = C9489F7D2A1D9BDF0095831C /* ViewBuilderContentView.swift */; };
		C9489F812A1D9DB10095831C /* SFSymbolContentView.swift in Sources */ = {isa = PBXBuildFile; fileRef = C9489F802A1D9DB10095831C /* SFSymbolContentView.swift */; };
		C9489F842A1DA3080095831C /* UIKitToSwiftUIView.swift in Sources */ = {isa = PBXBuildFile; fileRef = C9489F832A1DA3080095831C /* UIKitToSwiftUIView.swift */; };
		C9489F862A1DA32A0095831C /* ActivityIndicator.swift in Sources */ = {isa = PBXBuildFile; fileRef = C9489F852A1DA32A0095831C /* ActivityIndicator.swift */; };
		C9489F892A1DA6720095831C /* MoreViewsContentView.swift in Sources */ = {isa = PBXBuildFile; fileRef = C9489F882A1DA6720095831C /* MoreViewsContentView.swift */; };
		C9489F8C2A1DE6770095831C /* WebScrollContenView.swift in Sources */ = {isa = PBXBuildFile; fileRef = C9489F8B2A1DE6770095831C /* WebScrollContenView.swift */; };
		C9489F8F2A1DE9A70095831C /* StaticContentView.swift in Sources */ = {isa = PBXBuildFile; fileRef = C9489F8E2A1DE9A70095831C /* StaticContentView.swift */; };
		C9489F922A1DF0B00095831C /* WeatherRow.swift in Sources */ = {isa = PBXBuildFile; fileRef = C9489F912A1DF0B00095831C /* WeatherRow.swift */; };
		C9489F952A1DF1DB0095831C /* ListAddContentView.swift in Sources */ = {isa = PBXBuildFile; fileRef = C9489F942A1DF1DB0095831C /* ListAddContentView.swift */; };
		C96C74F62A1CB9E100D6D0CF /* SwiftUI_PracApp.swift in Sources */ = {isa = PBXBuildFile; fileRef = C96C74F52A1CB9E100D6D0CF /* SwiftUI_PracApp.swift */; };
		C96C74F82A1CB9E100D6D0CF /* ContentView.swift in Sources */ = {isa = PBXBuildFile; fileRef = C96C74F72A1CB9E100D6D0CF /* ContentView.swift */; };
		C96C74FA2A1CB9E100D6D0CF /* Assets.xcassets in Resources */ = {isa = PBXBuildFile; fileRef = C96C74F92A1CB9E100D6D0CF /* Assets.xcassets */; };
		C96C74FE2A1CB9E100D6D0CF /* Preview Assets.xcassets in Resources */ = {isa = PBXBuildFile; fileRef = C96C74FD2A1CB9E100D6D0CF /* Preview Assets.xcassets */; };
		C96C75052A1CCC3D00D6D0CF /* ImageView.swift in Sources */ = {isa = PBXBuildFile; fileRef = C96C75042A1CCC3D00D6D0CF /* ImageView.swift */; };
		C96C75072A1CD05600D6D0CF /* EditButtonView.swift in Sources */ = {isa = PBXBuildFile; fileRef = C96C75062A1CD05600D6D0CF /* EditButtonView.swift */; };
		C96C75092A1CD08300D6D0CF /* PasteButtonView.swift in Sources */ = {isa = PBXBuildFile; fileRef = C96C75082A1CD08300D6D0CF /* PasteButtonView.swift */; };
		C96C750B2A1CD08E00D6D0CF /* MenuButtonView.swift in Sources */ = {isa = PBXBuildFile; fileRef = C96C750A2A1CD08E00D6D0CF /* MenuButtonView.swift */; };
		C96C750E2A1CD0C900D6D0CF /* ButtonContentView.swift in Sources */ = {isa = PBXBuildFile; fileRef = C96C750D2A1CD0C900D6D0CF /* ButtonContentView.swift */; };
		C96C75102A1CD17100D6D0CF /* ButtonView.swift in Sources */ = {isa = PBXBuildFile; fileRef = C96C750F2A1CD17100D6D0CF /* ButtonView.swift */; };
/* End PBXBuildFile section */

/* Begin PBXFileReference section */
		C91410002A1F3BA000BDFCDB /* LazyStackContentView.swift */ = {isa = PBXFileReference; lastKnownFileType = sourcecode.swift; path = LazyStackContentView.swift; sourceTree = "<group>"; };
		C91410022A1F3BCB00BDFCDB /* ListRow.swift */ = {isa = PBXFileReference; lastKnownFileType = sourcecode.swift; path = ListRow.swift; sourceTree = "<group>"; };
		C91410042A1F3E6E00BDFCDB /* LazyGridContentView.swift */ = {isa = PBXFileReference; lastKnownFileType = sourcecode.swift; path = LazyGridContentView.swift; sourceTree = "<group>"; };
		C91410072A1F424E00BDFCDB /* ScrollViewReaderContentView.swift */ = {isa = PBXFileReference; lastKnownFileType = sourcecode.swift; path = ScrollViewReaderContentView.swift; sourceTree = "<group>"; };
		C914100A2A1F478300BDFCDB /* BackPack.swift */ = {isa = PBXFileReference; lastKnownFileType = sourcecode.swift; path = BackPack.swift; sourceTree = "<group>"; };
		C914100C2A1F48A300BDFCDB /* ExpandingListContentView.swift */ = {isa = PBXFileReference; lastKnownFileType = sourcecode.swift; path = ExpandingListContentView.swift; sourceTree = "<group>"; };
		C914100F2A1F4B5600BDFCDB /* DisclosureContentView.swift */ = {isa = PBXFileReference; lastKnownFileType = sourcecode.swift; path = DisclosureContentView.swift; sourceTree = "<group>"; };
		C93EEA2B2A1DF6AF006BB912 /* ToDoList.swift */ = {isa = PBXFileReference; lastKnownFileType = sourcecode.swift; path = ToDoList.swift; sourceTree = "<group>"; };
		C9489F752A1D91ED0095831C /* PickerContenView.swift */ = {isa = PBXFileReference; lastKnownFileType = sourcecode.swift; path = PickerContenView.swift; sourceTree = "<group>"; };
		C9489F782A1D98EB0095831C /* ModifierContentView.swift */ = {isa = PBXFileReference; lastKnownFileType = sourcecode.swift; path = ModifierContentView.swift; sourceTree = "<group>"; };
		C9489F7B2A1D9AF70095831C /* BlueCircle.swift */ = {isa = PBXFileReference; lastKnownFileType = sourcecode.swift; path = BlueCircle.swift; sourceTree = "<group>"; };
		C9489F7D2A1D9BDF0095831C /* ViewBuilderContentView.swift */ = {isa = PBXFileReference; lastKnownFileType = sourcecode.swift; path = ViewBuilderContentView.swift; sourceTree = "<group>"; };
		C9489F802A1D9DB10095831C /* SFSymbolContentView.swift */ = {isa = PBXFileReference; lastKnownFileType = sourcecode.swift; path = SFSymbolContentView.swift; sourceTree = "<group>"; };
		C9489F832A1DA3080095831C /* UIKitToSwiftUIView.swift */ = {isa = PBXFileReference; lastKnownFileType = sourcecode.swift; path = UIKitToSwiftUIView.swift; sourceTree = "<group>"; };
		C9489F852A1DA32A0095831C /* ActivityIndicator.swift */ = {isa = PBXFileReference; lastKnownFileType = sourcecode.swift; path = ActivityIndicator.swift; sourceTree = "<group>"; };
		C9489F882A1DA6720095831C /* MoreViewsContentView.swift */ = {isa = PBXFileReference; lastKnownFileType = sourcecode.swift; path = MoreViewsContentView.swift; sourceTree = "<group>"; };
		C9489F8B2A1DE6770095831C /* WebScrollContenView.swift */ = {isa = PBXFileReference; lastKnownFileType = sourcecode.swift; path = WebScrollContenView.swift; sourceTree = "<group>"; };
		C9489F8E2A1DE9A70095831C /* StaticContentView.swift */ = {isa = PBXFileReference; lastKnownFileType = sourcecode.swift; path = StaticContentView.swift; sourceTree = "<group>"; };
		C9489F912A1DF0B00095831C /* WeatherRow.swift */ = {isa = PBXFileReference; lastKnownFileType = sourcecode.swift; path = WeatherRow.swift; sourceTree = "<group>"; };
		C9489F942A1DF1DB0095831C /* ListAddContentView.swift */ = {isa = PBXFileReference; lastKnownFileType = sourcecode.swift; path = ListAddContentView.swift; sourceTree = "<group>"; };
		C96C74F22A1CB9E100D6D0CF /* SwiftUI-Prac.app */ = {isa = PBXFileReference; explicitFileType = wrapper.application; includeInIndex = 0; path = "SwiftUI-Prac.app"; sourceTree = BUILT_PRODUCTS_DIR; };
		C96C74F52A1CB9E100D6D0CF /* SwiftUI_PracApp.swift */ = {isa = PBXFileReference; lastKnownFileType = sourcecode.swift; path = SwiftUI_PracApp.swift; sourceTree = "<group>"; };
		C96C74F72A1CB9E100D6D0CF /* ContentView.swift */ = {isa = PBXFileReference; lastKnownFileType = sourcecode.swift; path = ContentView.swift; sourceTree = "<group>"; };
		C96C74F92A1CB9E100D6D0CF /* Assets.xcassets */ = {isa = PBXFileReference; lastKnownFileType = folder.assetcatalog; path = Assets.xcassets; sourceTree = "<group>"; };
		C96C74FB2A1CB9E100D6D0CF /* SwiftUI_Prac.entitlements */ = {isa = PBXFileReference; lastKnownFileType = text.plist.entitlements; path = SwiftUI_Prac.entitlements; sourceTree = "<group>"; };
		C96C74FD2A1CB9E100D6D0CF /* Preview Assets.xcassets */ = {isa = PBXFileReference; lastKnownFileType = folder.assetcatalog; path = "Preview Assets.xcassets"; sourceTree = "<group>"; };
		C96C75042A1CCC3D00D6D0CF /* ImageView.swift */ = {isa = PBXFileReference; lastKnownFileType = sourcecode.swift; path = ImageView.swift; sourceTree = "<group>"; };
		C96C75062A1CD05600D6D0CF /* EditButtonView.swift */ = {isa = PBXFileReference; lastKnownFileType = sourcecode.swift; path = EditButtonView.swift; sourceTree = "<group>"; };
		C96C75082A1CD08300D6D0CF /* PasteButtonView.swift */ = {isa = PBXFileReference; lastKnownFileType = sourcecode.swift; path = PasteButtonView.swift; sourceTree = "<group>"; };
		C96C750A2A1CD08E00D6D0CF /* MenuButtonView.swift */ = {isa = PBXFileReference; lastKnownFileType = sourcecode.swift; path = MenuButtonView.swift; sourceTree = "<group>"; };
		C96C750D2A1CD0C900D6D0CF /* ButtonContentView.swift */ = {isa = PBXFileReference; lastKnownFileType = sourcecode.swift; path = ButtonContentView.swift; sourceTree = "<group>"; };
		C96C750F2A1CD17100D6D0CF /* ButtonView.swift */ = {isa = PBXFileReference; lastKnownFileType = sourcecode.swift; path = ButtonView.swift; sourceTree = "<group>"; };
/* End PBXFileReference section */

/* Begin PBXFrameworksBuildPhase section */
		C96C74EF2A1CB9E100D6D0CF /* Frameworks */ = {
			isa = PBXFrameworksBuildPhase;
			buildActionMask = 2147483647;
			files = (
			);
			runOnlyForDeploymentPostprocessing = 0;
		};
/* End PBXFrameworksBuildPhase section */

/* Begin PBXGroup section */
		C9140FFF2A1F3B8500BDFCDB /* LazyStack */ = {
			isa = PBXGroup;
			children = (
				C91410002A1F3BA000BDFCDB /* LazyStackContentView.swift */,
				C91410022A1F3BCB00BDFCDB /* ListRow.swift */,
				C91410042A1F3E6E00BDFCDB /* LazyGridContentView.swift */,
			);
			path = LazyStack;
			sourceTree = "<group>";
		};
		C91410062A1F422B00BDFCDB /* ScrollViewReader */ = {
			isa = PBXGroup;
			children = (
				C91410072A1F424E00BDFCDB /* ScrollViewReaderContentView.swift */,
			);
			path = ScrollViewReader;
			sourceTree = "<group>";
		};
		C91410092A1F476600BDFCDB /* ExpandingList */ = {
			isa = PBXGroup;
			children = (
				C914100A2A1F478300BDFCDB /* BackPack.swift */,
				C914100C2A1F48A300BDFCDB /* ExpandingListContentView.swift */,
			);
			path = ExpandingList;
			sourceTree = "<group>";
		};
		C914100E2A1F4B3700BDFCDB /* Disclosure */ = {
			isa = PBXGroup;
			children = (
				C914100F2A1F4B5600BDFCDB /* DisclosureContentView.swift */,
			);
			path = Disclosure;
			sourceTree = "<group>";
		};
		C93EEA2A2A1DF69F006BB912 /* ToDoList */ = {
			isa = PBXGroup;
			children = (
				C93EEA2B2A1DF6AF006BB912 /* ToDoList.swift */,
			);
			path = ToDoList;
			sourceTree = "<group>";
		};
		C9489F732A1D91B60095831C /* PickerView */ = {
			isa = PBXGroup;
			children = (
				C9489F752A1D91ED0095831C /* PickerContenView.swift */,
			);
			path = PickerView;
			sourceTree = "<group>";
		};
		C9489F742A1D91CF0095831C /* ImageView */ = {
			isa = PBXGroup;
			children = (
				C96C75042A1CCC3D00D6D0CF /* ImageView.swift */,
			);
			path = ImageView;
			sourceTree = "<group>";
		};
		C9489F772A1D98D20095831C /* ViewModifier */ = {
			isa = PBXGroup;
			children = (
				C9489F782A1D98EB0095831C /* ModifierContentView.swift */,
			);
			path = ViewModifier;
			sourceTree = "<group>";
		};
		C9489F7A2A1D9AC20095831C /* ViewBuilder */ = {
			isa = PBXGroup;
			children = (
				C9489F7B2A1D9AF70095831C /* BlueCircle.swift */,
				C9489F7D2A1D9BDF0095831C /* ViewBuilderContentView.swift */,
			);
			path = ViewBuilder;
			sourceTree = "<group>";
		};
		C9489F7F2A1D9D330095831C /* SF Symbols */ = {
			isa = PBXGroup;
			children = (
				C9489F802A1D9DB10095831C /* SFSymbolContentView.swift */,
			);
			path = "SF Symbols";
			sourceTree = "<group>";
		};
		C9489F822A1DA2F00095831C /* UIKitToSwiftUI */ = {
			isa = PBXGroup;
			children = (
				C9489F832A1DA3080095831C /* UIKitToSwiftUIView.swift */,
				C9489F852A1DA32A0095831C /* ActivityIndicator.swift */,
			);
			path = UIKitToSwiftUI;
			sourceTree = "<group>";
		};
		C9489F872A1DA6580095831C /* MoreVIews */ = {
			isa = PBXGroup;
			children = (
				C9489F882A1DA6720095831C /* MoreViewsContentView.swift */,
			);
			path = MoreVIews;
			sourceTree = "<group>";
		};
		C9489F8A2A1DE6410095831C /* WebScroll */ = {
			isa = PBXGroup;
			children = (
				C9489F8B2A1DE6770095831C /* WebScrollContenView.swift */,
			);
			path = WebScroll;
			sourceTree = "<group>";
		};
		C9489F8D2A1DE9900095831C /* StaticList */ = {
			isa = PBXGroup;
			children = (
				C9489F8E2A1DE9A70095831C /* StaticContentView.swift */,
			);
			path = StaticList;
			sourceTree = "<group>";
		};
		C9489F902A1DF0650095831C /* CustomRows */ = {
			isa = PBXGroup;
			children = (
				C9489F912A1DF0B00095831C /* WeatherRow.swift */,
			);
			path = CustomRows;
			sourceTree = "<group>";
		};
		C9489F932A1DF1C90095831C /* ListAdd */ = {
			isa = PBXGroup;
			children = (
				C9489F942A1DF1DB0095831C /* ListAddContentView.swift */,
			);
			path = ListAdd;
			sourceTree = "<group>";
		};
		C96C74E92A1CB9E100D6D0CF = {
			isa = PBXGroup;
			children = (
				C96C74F42A1CB9E100D6D0CF /* SwiftUI-Prac */,
				C96C74F32A1CB9E100D6D0CF /* Products */,
			);
			sourceTree = "<group>";
		};
		C96C74F32A1CB9E100D6D0CF /* Products */ = {
			isa = PBXGroup;
			children = (
				C96C74F22A1CB9E100D6D0CF /* SwiftUI-Prac.app */,
			);
			name = Products;
			sourceTree = "<group>";
		};
		C96C74F42A1CB9E100D6D0CF /* SwiftUI-Prac */ = {
			isa = PBXGroup;
			children = (
				C914100E2A1F4B3700BDFCDB /* Disclosure */,
				C91410092A1F476600BDFCDB /* ExpandingList */,
				C91410062A1F422B00BDFCDB /* ScrollViewReader */,
				C9140FFF2A1F3B8500BDFCDB /* LazyStack */,
				C93EEA2A2A1DF69F006BB912 /* ToDoList */,
				C9489F932A1DF1C90095831C /* ListAdd */,
				C9489F902A1DF0650095831C /* CustomRows */,
				C9489F8D2A1DE9900095831C /* StaticList */,
				C9489F8A2A1DE6410095831C /* WebScroll */,
				C9489F872A1DA6580095831C /* MoreVIews */,
				C9489F822A1DA2F00095831C /* UIKitToSwiftUI */,
				C9489F7F2A1D9D330095831C /* SF Symbols */,
				C9489F7A2A1D9AC20095831C /* ViewBuilder */,
				C9489F772A1D98D20095831C /* ViewModifier */,
				C96C750C2A1CD0B700D6D0CF /* ButtonView */,
				C9489F742A1D91CF0095831C /* ImageView */,
				C9489F732A1D91B60095831C /* PickerView */,
				C96C74F52A1CB9E100D6D0CF /* SwiftUI_PracApp.swift */,
				C96C74F72A1CB9E100D6D0CF /* ContentView.swift */,
				C96C74F92A1CB9E100D6D0CF /* Assets.xcassets */,
				C96C74FB2A1CB9E100D6D0CF /* SwiftUI_Prac.entitlements */,
				C96C74FC2A1CB9E100D6D0CF /* Preview Content */,
			);
			path = "SwiftUI-Prac";
			sourceTree = "<group>";
		};
		C96C74FC2A1CB9E100D6D0CF /* Preview Content */ = {
			isa = PBXGroup;
			children = (
				C96C74FD2A1CB9E100D6D0CF /* Preview Assets.xcassets */,
			);
			path = "Preview Content";
			sourceTree = "<group>";
		};
		C96C750C2A1CD0B700D6D0CF /* ButtonView */ = {
			isa = PBXGroup;
			children = (
				C96C75062A1CD05600D6D0CF /* EditButtonView.swift */,
				C96C750F2A1CD17100D6D0CF /* ButtonView.swift */,
				C96C75082A1CD08300D6D0CF /* PasteButtonView.swift */,
				C96C750A2A1CD08E00D6D0CF /* MenuButtonView.swift */,
				C96C750D2A1CD0C900D6D0CF /* ButtonContentView.swift */,
			);
			path = ButtonView;
			sourceTree = "<group>";
		};
/* End PBXGroup section */

/* Begin PBXNativeTarget section */
		C96C74F12A1CB9E100D6D0CF /* SwiftUI-Prac */ = {
			isa = PBXNativeTarget;
			buildConfigurationList = C96C75012A1CB9E100D6D0CF /* Build configuration list for PBXNativeTarget "SwiftUI-Prac" */;
			buildPhases = (
				C96C74EE2A1CB9E100D6D0CF /* Sources */,
				C96C74EF2A1CB9E100D6D0CF /* Frameworks */,
				C96C74F02A1CB9E100D6D0CF /* Resources */,
			);
			buildRules = (
			);
			dependencies = (
			);
			name = "SwiftUI-Prac";
			productName = "SwiftUI-Prac";
			productReference = C96C74F22A1CB9E100D6D0CF /* SwiftUI-Prac.app */;
			productType = "com.apple.product-type.application";
		};
/* End PBXNativeTarget section */

/* Begin PBXProject section */
		C96C74EA2A1CB9E100D6D0CF /* Project object */ = {
			isa = PBXProject;
			attributes = {
				BuildIndependentTargetsInParallel = 1;
				LastSwiftUpdateCheck = 1430;
				LastUpgradeCheck = 1430;
				TargetAttributes = {
					C96C74F12A1CB9E100D6D0CF = {
						CreatedOnToolsVersion = 14.3;
					};
				};
			};
			buildConfigurationList = C96C74ED2A1CB9E100D6D0CF /* Build configuration list for PBXProject "SwiftUI-Prac" */;
			compatibilityVersion = "Xcode 14.0";
			developmentRegion = en;
			hasScannedForEncodings = 0;
			knownRegions = (
				en,
				Base,
			);
			mainGroup = C96C74E92A1CB9E100D6D0CF;
			productRefGroup = C96C74F32A1CB9E100D6D0CF /* Products */;
			projectDirPath = "";
			projectRoot = "";
			targets = (
				C96C74F12A1CB9E100D6D0CF /* SwiftUI-Prac */,
			);
		};
/* End PBXProject section */

/* Begin PBXResourcesBuildPhase section */
		C96C74F02A1CB9E100D6D0CF /* Resources */ = {
			isa = PBXResourcesBuildPhase;
			buildActionMask = 2147483647;
			files = (
				C96C74FE2A1CB9E100D6D0CF /* Preview Assets.xcassets in Resources */,
				C96C74FA2A1CB9E100D6D0CF /* Assets.xcassets in Resources */,
			);
			runOnlyForDeploymentPostprocessing = 0;
		};
/* End PBXResourcesBuildPhase section */

/* Begin PBXSourcesBuildPhase section */
		C96C74EE2A1CB9E100D6D0CF /* Sources */ = {
			isa = PBXSourcesBuildPhase;
			buildActionMask = 2147483647;
			files = (
				C96C75052A1CCC3D00D6D0CF /* ImageView.swift in Sources */,
				C9489F862A1DA32A0095831C /* ActivityIndicator.swift in Sources */,
				C91410082A1F424E00BDFCDB /* ScrollViewReaderContentView.swift in Sources */,
				C96C750E2A1CD0C900D6D0CF /* ButtonContentView.swift in Sources */,
				C96C75102A1CD17100D6D0CF /* ButtonView.swift in Sources */,
				C9489F762A1D91ED0095831C /* PickerContenView.swift in Sources */,
				C9489F7C2A1D9AF70095831C /* BlueCircle.swift in Sources */,
				C9489F952A1DF1DB0095831C /* ListAddContentView.swift in Sources */,
				C96C74F82A1CB9E100D6D0CF /* ContentView.swift in Sources */,
				C96C75072A1CD05600D6D0CF /* EditButtonView.swift in Sources */,
				C9489F8C2A1DE6770095831C /* WebScrollContenView.swift in Sources */,
				C93EEA2C2A1DF6AF006BB912 /* ToDoList.swift in Sources */,
				C9489F812A1D9DB10095831C /* SFSymbolContentView.swift in Sources */,
				C9489F7E2A1D9BDF0095831C /* ViewBuilderContentView.swift in Sources */,
				C96C750B2A1CD08E00D6D0CF /* MenuButtonView.swift in Sources */,
				C9489F922A1DF0B00095831C /* WeatherRow.swift in Sources */,
				C91410012A1F3BA000BDFCDB /* LazyStackContentView.swift in Sources */,
				C91410052A1F3E6E00BDFCDB /* LazyGridContentView.swift in Sources */,
				C9489F842A1DA3080095831C /* UIKitToSwiftUIView.swift in Sources */,
				C914100B2A1F478300BDFCDB /* BackPack.swift in Sources */,
				C9489F892A1DA6720095831C /* MoreViewsContentView.swift in Sources */,
				C91410102A1F4B5600BDFCDB /* DisclosureContentView.swift in Sources */,
				C96C75092A1CD08300D6D0CF /* PasteButtonView.swift in Sources */,
				C96C74F62A1CB9E100D6D0CF /* SwiftUI_PracApp.swift in Sources */,
				C9489F8F2A1DE9A70095831C /* StaticContentView.swift in Sources */,
				C91410032A1F3BCB00BDFCDB /* ListRow.swift in Sources */,
				C914100D2A1F48A300BDFCDB /* ExpandingListContentView.swift in Sources */,
				C9489F792A1D98EB0095831C /* ModifierContentView.swift in Sources */,
			);
			runOnlyForDeploymentPostprocessing = 0;
		};
/* End PBXSourcesBuildPhase section */

/* Begin XCBuildConfiguration section */
		C96C74FF2A1CB9E100D6D0CF /* Debug */ = {
			isa = XCBuildConfiguration;
			buildSettings = {
				ALWAYS_SEARCH_USER_PATHS = NO;
				CLANG_ANALYZER_NONNULL = YES;
				CLANG_ANALYZER_NUMBER_OBJECT_CONVERSION = YES_AGGRESSIVE;
				CLANG_CXX_LANGUAGE_STANDARD = "gnu++20";
				CLANG_ENABLE_MODULES = YES;
				CLANG_ENABLE_OBJC_ARC = YES;
				CLANG_ENABLE_OBJC_WEAK = YES;
				CLANG_WARN_BLOCK_CAPTURE_AUTORELEASING = YES;
				CLANG_WARN_BOOL_CONVERSION = YES;
				CLANG_WARN_COMMA = YES;
				CLANG_WARN_CONSTANT_CONVERSION = YES;
				CLANG_WARN_DEPRECATED_OBJC_IMPLEMENTATIONS = YES;
				CLANG_WARN_DIRECT_OBJC_ISA_USAGE = YES_ERROR;
				CLANG_WARN_DOCUMENTATION_COMMENTS = YES;
				CLANG_WARN_EMPTY_BODY = YES;
				CLANG_WARN_ENUM_CONVERSION = YES;
				CLANG_WARN_INFINITE_RECURSION = YES;
				CLANG_WARN_INT_CONVERSION = YES;
				CLANG_WARN_NON_LITERAL_NULL_CONVERSION = YES;
				CLANG_WARN_OBJC_IMPLICIT_RETAIN_SELF = YES;
				CLANG_WARN_OBJC_LITERAL_CONVERSION = YES;
				CLANG_WARN_OBJC_ROOT_CLASS = YES_ERROR;
				CLANG_WARN_QUOTED_INCLUDE_IN_FRAMEWORK_HEADER = YES;
				CLANG_WARN_RANGE_LOOP_ANALYSIS = YES;
				CLANG_WARN_STRICT_PROTOTYPES = YES;
				CLANG_WARN_SUSPICIOUS_MOVE = YES;
				CLANG_WARN_UNGUARDED_AVAILABILITY = YES_AGGRESSIVE;
				CLANG_WARN_UNREACHABLE_CODE = YES;
				CLANG_WARN__DUPLICATE_METHOD_MATCH = YES;
				COPY_PHASE_STRIP = NO;
				DEBUG_INFORMATION_FORMAT = dwarf;
				ENABLE_STRICT_OBJC_MSGSEND = YES;
				ENABLE_TESTABILITY = YES;
				GCC_C_LANGUAGE_STANDARD = gnu11;
				GCC_DYNAMIC_NO_PIC = NO;
				GCC_NO_COMMON_BLOCKS = YES;
				GCC_OPTIMIZATION_LEVEL = 0;
				GCC_PREPROCESSOR_DEFINITIONS = (
					"DEBUG=1",
					"$(inherited)",
				);
				GCC_WARN_64_TO_32_BIT_CONVERSION = YES;
				GCC_WARN_ABOUT_RETURN_TYPE = YES_ERROR;
				GCC_WARN_UNDECLARED_SELECTOR = YES;
				GCC_WARN_UNINITIALIZED_AUTOS = YES_AGGRESSIVE;
				GCC_WARN_UNUSED_FUNCTION = YES;
				GCC_WARN_UNUSED_VARIABLE = YES;
				MTL_ENABLE_DEBUG_INFO = INCLUDE_SOURCE;
				MTL_FAST_MATH = YES;
				ONLY_ACTIVE_ARCH = YES;
				SWIFT_ACTIVE_COMPILATION_CONDITIONS = DEBUG;
				SWIFT_OPTIMIZATION_LEVEL = "-Onone";
			};
			name = Debug;
		};
		C96C75002A1CB9E100D6D0CF /* Release */ = {
			isa = XCBuildConfiguration;
			buildSettings = {
				ALWAYS_SEARCH_USER_PATHS = NO;
				CLANG_ANALYZER_NONNULL = YES;
				CLANG_ANALYZER_NUMBER_OBJECT_CONVERSION = YES_AGGRESSIVE;
				CLANG_CXX_LANGUAGE_STANDARD = "gnu++20";
				CLANG_ENABLE_MODULES = YES;
				CLANG_ENABLE_OBJC_ARC = YES;
				CLANG_ENABLE_OBJC_WEAK = YES;
				CLANG_WARN_BLOCK_CAPTURE_AUTORELEASING = YES;
				CLANG_WARN_BOOL_CONVERSION = YES;
				CLANG_WARN_COMMA = YES;
				CLANG_WARN_CONSTANT_CONVERSION = YES;
				CLANG_WARN_DEPRECATED_OBJC_IMPLEMENTATIONS = YES;
				CLANG_WARN_DIRECT_OBJC_ISA_USAGE = YES_ERROR;
				CLANG_WARN_DOCUMENTATION_COMMENTS = YES;
				CLANG_WARN_EMPTY_BODY = YES;
				CLANG_WARN_ENUM_CONVERSION = YES;
				CLANG_WARN_INFINITE_RECURSION = YES;
				CLANG_WARN_INT_CONVERSION = YES;
				CLANG_WARN_NON_LITERAL_NULL_CONVERSION = YES;
				CLANG_WARN_OBJC_IMPLICIT_RETAIN_SELF = YES;
				CLANG_WARN_OBJC_LITERAL_CONVERSION = YES;
				CLANG_WARN_OBJC_ROOT_CLASS = YES_ERROR;
				CLANG_WARN_QUOTED_INCLUDE_IN_FRAMEWORK_HEADER = YES;
				CLANG_WARN_RANGE_LOOP_ANALYSIS = YES;
				CLANG_WARN_STRICT_PROTOTYPES = YES;
				CLANG_WARN_SUSPICIOUS_MOVE = YES;
				CLANG_WARN_UNGUARDED_AVAILABILITY = YES_AGGRESSIVE;
				CLANG_WARN_UNREACHABLE_CODE = YES;
				CLANG_WARN__DUPLICATE_METHOD_MATCH = YES;
				COPY_PHASE_STRIP = NO;
				DEBUG_INFORMATION_FORMAT = "dwarf-with-dsym";
				ENABLE_NS_ASSERTIONS = NO;
				ENABLE_STRICT_OBJC_MSGSEND = YES;
				GCC_C_LANGUAGE_STANDARD = gnu11;
				GCC_NO_COMMON_BLOCKS = YES;
				GCC_WARN_64_TO_32_BIT_CONVERSION = YES;
				GCC_WARN_ABOUT_RETURN_TYPE = YES_ERROR;
				GCC_WARN_UNDECLARED_SELECTOR = YES;
				GCC_WARN_UNINITIALIZED_AUTOS = YES_AGGRESSIVE;
				GCC_WARN_UNUSED_FUNCTION = YES;
				GCC_WARN_UNUSED_VARIABLE = YES;
				MTL_ENABLE_DEBUG_INFO = NO;
				MTL_FAST_MATH = YES;
				SWIFT_COMPILATION_MODE = wholemodule;
				SWIFT_OPTIMIZATION_LEVEL = "-O";
			};
			name = Release;
		};
		C96C75022A1CB9E100D6D0CF /* Debug */ = {
			isa = XCBuildConfiguration;
			buildSettings = {
				ASSETCATALOG_COMPILER_APPICON_NAME = AppIcon;
				ASSETCATALOG_COMPILER_GLOBAL_ACCENT_COLOR_NAME = AccentColor;
				CODE_SIGN_ENTITLEMENTS = "SwiftUI-Prac/SwiftUI_Prac.entitlements";
				CODE_SIGN_STYLE = Automatic;
				CURRENT_PROJECT_VERSION = 1;
				DEVELOPMENT_ASSET_PATHS = "\"SwiftUI-Prac/Preview Content\"";
				DEVELOPMENT_TEAM = 9RTVH8V827;
				ENABLE_HARDENED_RUNTIME = YES;
				ENABLE_PREVIEWS = YES;
				GENERATE_INFOPLIST_FILE = YES;
				"INFOPLIST_KEY_UIApplicationSceneManifest_Generation[sdk=iphoneos*]" = YES;
				"INFOPLIST_KEY_UIApplicationSceneManifest_Generation[sdk=iphonesimulator*]" = YES;
				"INFOPLIST_KEY_UIApplicationSupportsIndirectInputEvents[sdk=iphoneos*]" = YES;
				"INFOPLIST_KEY_UIApplicationSupportsIndirectInputEvents[sdk=iphonesimulator*]" = YES;
				"INFOPLIST_KEY_UILaunchScreen_Generation[sdk=iphoneos*]" = YES;
				"INFOPLIST_KEY_UILaunchScreen_Generation[sdk=iphonesimulator*]" = YES;
				"INFOPLIST_KEY_UIStatusBarStyle[sdk=iphoneos*]" = UIStatusBarStyleDefault;
				"INFOPLIST_KEY_UIStatusBarStyle[sdk=iphonesimulator*]" = UIStatusBarStyleDefault;
				INFOPLIST_KEY_UISupportedInterfaceOrientations_iPad = "UIInterfaceOrientationPortrait UIInterfaceOrientationPortraitUpsideDown UIInterfaceOrientationLandscapeLeft UIInterfaceOrientationLandscapeRight";
				INFOPLIST_KEY_UISupportedInterfaceOrientations_iPhone = "UIInterfaceOrientationPortrait UIInterfaceOrientationLandscapeLeft UIInterfaceOrientationLandscapeRight";
				IPHONEOS_DEPLOYMENT_TARGET = 16.4;
				LD_RUNPATH_SEARCH_PATHS = "@executable_path/Frameworks";
				"LD_RUNPATH_SEARCH_PATHS[sdk=macosx*]" = "@executable_path/../Frameworks";
				MACOSX_DEPLOYMENT_TARGET = 13.3;
				MARKETING_VERSION = 1.0;
				PRODUCT_BUNDLE_IDENTIFIER = "mattc.SwiftUI-Prac";
				PRODUCT_NAME = "$(TARGET_NAME)";
				SDKROOT = auto;
				SUPPORTED_PLATFORMS = "iphoneos iphonesimulator macosx";
				SWIFT_EMIT_LOC_STRINGS = YES;
				SWIFT_VERSION = 5.0;
				TARGETED_DEVICE_FAMILY = "1,2";
			};
			name = Debug;
		};
		C96C75032A1CB9E100D6D0CF /* Release */ = {
			isa = XCBuildConfiguration;
			buildSettings = {
				ASSETCATALOG_COMPILER_APPICON_NAME = AppIcon;
				ASSETCATALOG_COMPILER_GLOBAL_ACCENT_COLOR_NAME = AccentColor;
				CODE_SIGN_ENTITLEMENTS = "SwiftUI-Prac/SwiftUI_Prac.entitlements";
				CODE_SIGN_STYLE = Automatic;
				CURRENT_PROJECT_VERSION = 1;
				DEVELOPMENT_ASSET_PATHS = "\"SwiftUI-Prac/Preview Content\"";
				DEVELOPMENT_TEAM = 9RTVH8V827;
				ENABLE_HARDENED_RUNTIME = YES;
				ENABLE_PREVIEWS = YES;
				GENERATE_INFOPLIST_FILE = YES;
				"INFOPLIST_KEY_UIApplicationSceneManifest_Generation[sdk=iphoneos*]" = YES;
				"INFOPLIST_KEY_UIApplicationSceneManifest_Generation[sdk=iphonesimulator*]" = YES;
				"INFOPLIST_KEY_UIApplicationSupportsIndirectInputEvents[sdk=iphoneos*]" = YES;
				"INFOPLIST_KEY_UIApplicationSupportsIndirectInputEvents[sdk=iphonesimulator*]" = YES;
				"INFOPLIST_KEY_UILaunchScreen_Generation[sdk=iphoneos*]" = YES;
				"INFOPLIST_KEY_UILaunchScreen_Generation[sdk=iphonesimulator*]" = YES;
				"INFOPLIST_KEY_UIStatusBarStyle[sdk=iphoneos*]" = UIStatusBarStyleDefault;
				"INFOPLIST_KEY_UIStatusBarStyle[sdk=iphonesimulator*]" = UIStatusBarStyleDefault;
				INFOPLIST_KEY_UISupportedInterfaceOrientations_iPad = "UIInterfaceOrientationPortrait UIInterfaceOrientationPortraitUpsideDown UIInterfaceOrientationLandscapeLeft UIInterfaceOrientationLandscapeRight";
				INFOPLIST_KEY_UISupportedInterfaceOrientations_iPhone = "UIInterfaceOrientationPortrait UIInterfaceOrientationLandscapeLeft UIInterfaceOrientationLandscapeRight";
				IPHONEOS_DEPLOYMENT_TARGET = 16.4;
				LD_RUNPATH_SEARCH_PATHS = "@executable_path/Frameworks";
				"LD_RUNPATH_SEARCH_PATHS[sdk=macosx*]" = "@executable_path/../Frameworks";
				MACOSX_DEPLOYMENT_TARGET = 13.3;
				MARKETING_VERSION = 1.0;
				PRODUCT_BUNDLE_IDENTIFIER = "mattc.SwiftUI-Prac";
				PRODUCT_NAME = "$(TARGET_NAME)";
				SDKROOT = auto;
				SUPPORTED_PLATFORMS = "iphoneos iphonesimulator macosx";
				SWIFT_EMIT_LOC_STRINGS = YES;
				SWIFT_VERSION = 5.0;
				TARGETED_DEVICE_FAMILY = "1,2";
			};
			name = Release;
		};
/* End XCBuildConfiguration section */

/* Begin XCConfigurationList section */
		C96C74ED2A1CB9E100D6D0CF /* Build configuration list for PBXProject "SwiftUI-Prac" */ = {
			isa = XCConfigurationList;
			buildConfigurations = (
				C96C74FF2A1CB9E100D6D0CF /* Debug */,
				C96C75002A1CB9E100D6D0CF /* Release */,
			);
			defaultConfigurationIsVisible = 0;
			defaultConfigurationName = Release;
		};
		C96C75012A1CB9E100D6D0CF /* Build configuration list for PBXNativeTarget "SwiftUI-Prac" */ = {
			isa = XCConfigurationList;
			buildConfigurations = (
				C96C75022A1CB9E100D6D0CF /* Debug */,
				C96C75032A1CB9E100D6D0CF /* Release */,
			);
			defaultConfigurationIsVisible = 0;
			defaultConfigurationName = Release;
		};
/* End XCConfigurationList section */
	};
	rootObject = C96C74EA2A1CB9E100D6D0CF /* Project object */;
}
